
Microsoft Visual Studio Solution File, Format Version 11.00
# Visual Studio 2010
Project("{FAE04EC0-301F-11D3-BF4B-00C04F79EFBC}") = "FileService.Common", "FileService.Common\FileService.Common.csproj", "{618FD77B-E2AD-4A73-8E08-05936DC292B1}"
EndProject
Project("{FAE04EC0-301F-11D3-BF4B-00C04F79EFBC}") = "FrontEnd", "FrontEnd\FrontEnd.csproj", "{5E17E0CD-BDC0-4B73-B38A-D1DE1D254300}"
EndProject
Global
	GlobalSection(SolutionConfigurationPlatforms) = preSolution
		Debug|Any CPU = Debug|Any CPU
		Release|Any CPU = Release|Any CPU
	EndGlobalSection
	GlobalSection(ProjectConfigurationPlatforms) = postSolution
		{618FD77B-E2AD-4A73-8E08-05936DC292B1}.Debug|Any CPU.ActiveCfg = Debug|Any CPU
		{618FD77B-E2AD-4A73-8E08-05936DC292B1}.Debug|Any CPU.Build.0 = Debug|Any CPU
		{618FD77B-E2AD-4A73-8E08-05936DC292B1}.Release|Any CPU.ActiveCfg = Release|Any CPU
		{618FD77B-E2AD-4A73-8E08-05936DC292B1}.Release|Any CPU.Build.0 = Release|Any CPU
		{5E17E0CD-BDC0-4B73-B38A-D1DE1D254300}.Debug|Any CPU.ActiveCfg = Debug|Any CPU
		{5E17E0CD-BDC0-4B73-B38A-D1DE1D254300}.Debug|Any CPU.Build.0 = Debug|Any CPU
		{5E17E0CD-BDC0-4B73-B38A-D1DE1D254300}.Release|Any CPU.ActiveCfg = Release|Any CPU
		{5E17E0CD-BDC0-4B73-B38A-D1DE1D254300}.Release|Any CPU.Build.0 = Release|Any CPU
	EndGlobalSection
	GlobalSection(SolutionProperties) = preSolution
		HideSolutionNode = FALSE
	EndGlobalSection
EndGlobal
